// !$*UTF8*$!
{
	archiveVersion = 1;
	classes = {
	};
	objectVersion = 46;
	objects = {

/* Begin PBXBuildFile section */
		52CA09AB1B20D0ED00563057 /* AppDelegate.swift in Sources */ = {isa = PBXBuildFile; fileRef = 52CA09AA1B20D0ED00563057 /* AppDelegate.swift */; };
		52CA09AD1B20D0ED00563057 /* ViewController.swift in Sources */ = {isa = PBXBuildFile; fileRef = 52CA09AC1B20D0ED00563057 /* ViewController.swift */; };
		52CA09B01B20D0ED00563057 /* Main.storyboard in Resources */ = {isa = PBXBuildFile; fileRef = 52CA09AE1B20D0ED00563057 /* Main.storyboard */; };
		52CA09B21B20D0ED00563057 /* Images.xcassets in Resources */ = {isa = PBXBuildFile; fileRef = 52CA09B11B20D0ED00563057 /* Images.xcassets */; };
		52CA09B51B20D0ED00563057 /* LaunchScreen.xib in Resources */ = {isa = PBXBuildFile; fileRef = 52CA09B31B20D0ED00563057 /* LaunchScreen.xib */; };
		52CA09C11B20D0ED00563057 /* Nabit_1_1Tests.swift in Sources */ = {isa = PBXBuildFile; fileRef = 52CA09C01B20D0ED00563057 /* Nabit_1_1Tests.swift */; };
/* End PBXBuildFile section */

/* Begin PBXContainerItemProxy section */
		52CA09BB1B20D0ED00563057 /* PBXContainerItemProxy */ = {
			isa = PBXContainerItemProxy;
			containerPortal = 52CA099D1B20D0ED00563057 /* Project object */;
			proxyType = 1;
			remoteGlobalIDString = 52CA09A41B20D0ED00563057;
			remoteInfo = "Nabit 1.1";
		};
/* End PBXContainerItemProxy section */

/* Begin PBXFileReference section */
		52CA09A51B20D0ED00563057 /* Nabit 1.1.app */ = {isa = PBXFileReference; explicitFileType = wrapper.application; includeInIndex = 0; path = "Nabit 1.1.app"; sourceTree = BUILT_PRODUCTS_DIR; };
		52CA09A91B20D0ED00563057 /* Info.plist */ = {isa = PBXFileReference; lastKnownFileType = text.plist.xml; path = Info.plist; sourceTree = "<group>"; };
		52CA09AA1B20D0ED00563057 /* AppDelegate.swift */ = {isa = PBXFileReference; lastKnownFileType = sourcecode.swift; path = AppDelegate.swift; sourceTree = "<group>"; };
		52CA09AC1B20D0ED00563057 /* ViewController.swift */ = {isa = PBXFileReference; lastKnownFileType = sourcecode.swift; path = ViewController.swift; sourceTree = "<group>"; };
		52CA09AF1B20D0ED00563057 /* Base */ = {isa = PBXFileReference; lastKnownFileType = file.storyboard; name = Base; path = Base.lproj/Main.storyboard; sourceTree = "<group>"; };
		52CA09B11B20D0ED00563057 /* Images.xcassets */ = {isa = PBXFileReference; lastKnownFileType = folder.assetcatalog; path = Images.xcassets; sourceTree = "<group>"; };
		52CA09B41B20D0ED00563057 /* Base */ = {isa = PBXFileReference; lastKnownFileType = file.xib; name = Base; path = Base.lproj/LaunchScreen.xib; sourceTree = "<group>"; };
		52CA09BA1B20D0ED00563057 /* Nabit 1.1Tests.xctest */ = {isa = PBXFileReference; explicitFileType = wrapper.cfbundle; includeInIndex = 0; path = "Nabit 1.1Tests.xctest"; sourceTree = BUILT_PRODUCTS_DIR; };
		52CA09BF1B20D0ED00563057 /* Info.plist */ = {isa = PBXFileReference; lastKnownFileType = text.plist.xml; path = Info.plist; sourceTree = "<group>"; };
		52CA09C01B20D0ED00563057 /* Nabit_1_1Tests.swift */ = {isa = PBXFileReference; lastKnownFileType = sourcecode.swift; path = Nabit_1_1Tests.swift; sourceTree = "<group>"; };
/* End PBXFileReference section */

/* Begin PBXFrameworksBuildPhase section */
		52CA09A21B20D0ED00563057 /* Frameworks */ = {
			isa = PBXFrameworksBuildPhase;
			buildActionMask = 2147483647;
			files = (
			);
			runOnlyForDeploymentPostprocessing = 0;
		};
		52CA09B71B20D0ED00563057 /* Frameworks */ = {
			isa = PBXFrameworksBuildPhase;
			buildActionMask = 2147483647;
			files = (
			);
			runOnlyForDeploymentPostprocessing = 0;
		};
/* End PBXFrameworksBuildPhase section */

/* Begin PBXGroup section */
		52CA099C1B20D0ED00563057 = {
			isa = PBXGroup;
			children = (
				52CA09A71B20D0ED00563057 /* Nabit 1.1 */,
				52CA09BD1B20D0ED00563057 /* Nabit 1.1Tests */,
				52CA09A61B20D0ED00563057 /* Products */,
			);
			sourceTree = "<group>";
		};
		52CA09A61B20D0ED00563057 /* Products */ = {
			isa = PBXGroup;
			children = (
				52CA09A51B20D0ED00563057 /* Nabit 1.1.app */,
				52CA09BA1B20D0ED00563057 /* Nabit 1.1Tests.xctest */,
			);
			name = Products;
			sourceTree = "<group>";
		};
		52CA09A71B20D0ED00563057 /* Nabit 1.1 */ = {
			isa = PBXGroup;
			children = (
				52CA09AA1B20D0ED00563057 /* AppDelegate.swift */,
				52CA09AC1B20D0ED00563057 /* ViewController.swift */,
				52CA09AE1B20D0ED00563057 /* Main.storyboard */,
				52CA09B11B20D0ED00563057 /* Images.xcassets */,
				52CA09B31B20D0ED00563057 /* LaunchScreen.xib */,
				52CA09A81B20D0ED00563057 /* Supporting Files */,
			);
			path = "Nabit 1.1";
			sourceTree = "<group>";
		};
		52CA09A81B20D0ED00563057 /* Supporting Files */ = {
			isa = PBXGroup;
			children = (
				52CA09A91B20D0ED00563057 /* Info.plist */,
			);
			name = "Supporting Files";
			sourceTree = "<group>";
		};
		52CA09BD1B20D0ED00563057 /* Nabit 1.1Tests */ = {
			isa = PBXGroup;
			children = (
				52CA09C01B20D0ED00563057 /* Nabit_1_1Tests.swift */,
				52CA09BE1B20D0ED00563057 /* Supporting Files */,
			);
			path = "Nabit 1.1Tests";
			sourceTree = "<group>";
		};
		52CA09BE1B20D0ED00563057 /* Supporting Files */ = {
			isa = PBXGroup;
			children = (
				52CA09BF1B20D0ED00563057 /* Info.plist */,
			);
			name = "Supporting Files";
			sourceTree = "<group>";
		};
/* End PBXGroup section */

/* Begin PBXNativeTarget section */
		52CA09A41B20D0ED00563057 /* Nabit 1.1 */ = {
			isa = PBXNativeTarget;
			buildConfigurationList = 52CA09C41B20D0ED00563057 /* Build configuration list for PBXNativeTarget "Nabit 1.1" */;
			buildPhases = (
				52CA09A11B20D0ED00563057 /* Sources */,
				52CA09A21B20D0ED00563057 /* Frameworks */,
				52CA09A31B20D0ED00563057 /* Resources */,
			);
			buildRules = (
			);
			dependencies = (
			);
			name = "Nabit 1.1";
			productName = "Nabit 1.1";
			productReference = 52CA09A51B20D0ED00563057 /* Nabit 1.1.app */;
			productType = "com.apple.product-type.application";
		};
		52CA09B91B20D0ED00563057 /* Nabit 1.1Tests */ = {
			isa = PBXNativeTarget;
			buildConfigurationList = 52CA09C71B20D0ED00563057 /* Build configuration list for PBXNativeTarget "Nabit 1.1Tests" */;
			buildPhases = (
				52CA09B61B20D0ED00563057 /* Sources */,
				52CA09B71B20D0ED00563057 /* Frameworks */,
				52CA09B81B20D0ED00563057 /* Resources */,
			);
			buildRules = (
			);
			dependencies = (
				52CA09BC1B20D0ED00563057 /* PBXTargetDependency */,
			);
			name = "Nabit 1.1Tests";
			productName = "Nabit 1.1Tests";
			productReference = 52CA09BA1B20D0ED00563057 /* Nabit 1.1Tests.xctest */;
			productType = "com.apple.product-type.bundle.unit-test";
		};
/* End PBXNativeTarget section */

/* Begin PBXProject section */
		52CA099D1B20D0ED00563057 /* Project object */ = {
			isa = PBXProject;
			attributes = {
				LastUpgradeCheck = 0630;
				ORGANIZATIONNAME = "Michael Manchakowski";
				TargetAttributes = {
					52CA09A41B20D0ED00563057 = {
						CreatedOnToolsVersion = 6.3.1;
					};
					52CA09B91B20D0ED00563057 = {
						CreatedOnToolsVersion = 6.3.1;
						TestTargetID = 52CA09A41B20D0ED00563057;
					};
				};
			};
			buildConfigurationList = 52CA09A01B20D0ED00563057 /* Build configuration list for PBXProject "Nabit 1.1" */;
			compatibilityVersion = "Xcode 3.2";
			developmentRegion = English;
			hasScannedForEncodings = 0;
			knownRegions = (
				en,
				Base,
			);
			mainGroup = 52CA099C1B20D0ED00563057;
			productRefGroup = 52CA09A61B20D0ED00563057 /* Products */;
			projectDirPath = "";
			projectRoot = "";
			targets = (
				52CA09A41B20D0ED00563057 /* Nabit 1.1 */,
				52CA09B91B20D0ED00563057 /* Nabit 1.1Tests */,
			);
		};
/* End PBXProject section */

/* Begin PBXResourcesBuildPhase section */
		52CA09A31B20D0ED00563057 /* Resources */ = {
			isa = PBXResourcesBuildPhase;
			buildActionMask = 2147483647;
			files = (
				52CA09B01B20D0ED00563057 /* Main.storyboard in Resources */,
				52CA09B51B20D0ED00563057 /* LaunchScreen.xib in Resources */,
				52CA09B21B20D0ED00563057 /* Images.xcassets in Resources */,
			);
			runOnlyForDeploymentPostprocessing = 0;
		};
		52CA09B81B20D0ED00563057 /* Resources */ = {
			isa = PBXResourcesBuildPhase;
			buildActionMask = 2147483647;
			files = (
			);
			runOnlyForDeploymentPostprocessing = 0;
		};
/* End PBXResourcesBuildPhase section */

/* Begin PBXSourcesBuildPhase section */
		52CA09A11B20D0ED00563057 /* Sources */ = {
			isa = PBXSourcesBuildPhase;
			buildActionMask = 2147483647;
			files = (
				52CA09AD1B20D0ED00563057 /* ViewController.swift in Sources */,
				52CA09AB1B20D0ED00563057 /* AppDelegate.swift in Sources */,
			);
			runOnlyForDeploymentPostprocessing = 0;
		};
		52CA09B61B20D0ED00563057 /* Sources */ = {
			isa = PBXSourcesBuildPhase;
			buildActionMask = 2147483647;
			files = (
				52CA09C11B20D0ED00563057 /* Nabit_1_1Tests.swift in Sources */,
			);
			runOnlyForDeploymentPostprocessing = 0;
		};
/* End PBXSourcesBuildPhase section */

/* Begin PBXTargetDependency section */
		52CA09BC1B20D0ED00563057 /* PBXTargetDependency */ = {
			isa = PBXTargetDependency;
			target = 52CA09A41B20D0ED00563057 /* Nabit 1.1 */;
			targetProxy = 52CA09BB1B20D0ED00563057 /* PBXContainerItemProxy */;
		};
/* End PBXTargetDependency section */

/* Begin PBXVariantGroup section */
		52CA09AE1B20D0ED00563057 /* Main.storyboard */ = {
			isa = PBXVariantGroup;
			children = (
				52CA09AF1B20D0ED00563057 /* Base */,
			);
			name = Main.storyboard;
			sourceTree = "<group>";
		};
		52CA09B31B20D0ED00563057 /* LaunchScreen.xib */ = {
			isa = PBXVariantGroup;
			children = (
				52CA09B41B20D0ED00563057 /* Base */,
			);
			name = LaunchScreen.xib;
			sourceTree = "<group>";
		};
/* End PBXVariantGroup section */

/* Begin XCBuildConfiguration section */
		52CA09C21B20D0ED00563057 /* Debug */ = {
			isa = XCBuildConfiguration;
			buildSettings = {
				ALWAYS_SEARCH_USER_PATHS = NO;
				CLANG_CXX_LANGUAGE_STANDARD = "gnu++0x";
				CLANG_CXX_LIBRARY = "libc++";
				CLANG_ENABLE_MODULES = YES;
				CLANG_ENABLE_OBJC_ARC = YES;
				CLANG_WARN_BOOL_CONVERSION = YES;
				CLANG_WARN_CONSTANT_CONVERSION = YES;
				CLANG_WARN_DIRECT_OBJC_ISA_USAGE = YES_ERROR;
				CLANG_WARN_EMPTY_BODY = YES;
				CLANG_WARN_ENUM_CONVERSION = YES;
				CLANG_WARN_INT_CONVERSION = YES;
				CLANG_WARN_OBJC_ROOT_CLASS = YES_ERROR;
				CLANG_WARN_UNREACHABLE_CODE = YES;
				CLANG_WARN__DUPLICATE_METHOD_MATCH = YES;
				"CODE_SIGN_IDENTITY[sdk=iphoneos*]" = "iPhone Developer";
				COPY_PHASE_STRIP = NO;
				DEBUG_INFORMATION_FORMAT = "dwarf-with-dsym";
				ENABLE_STRICT_OBJC_MSGSEND = YES;
				GCC_C_LANGUAGE_STANDARD = gnu99;
				GCC_DYNAMIC_NO_PIC = NO;
				GCC_NO_COMMON_BLOCKS = YES;
				GCC_OPTIMIZATION_LEVEL = 0;
				GCC_PREPROCESSOR_DEFINITIONS = (
					"DEBUG=1",
					"$(inherited)",
				);
				GCC_SYMBOLS_PRIVATE_EXTERN = NO;
				GCC_WARN_64_TO_32_BIT_CONVERSION = YES;
				GCC_WARN_ABOUT_RETURN_TYPE = YES_ERROR;
				GCC_WARN_UNDECLARED_SELECTOR = YES;
				GCC_WARN_UNINITIALIZED_AUTOS = YES_AGGRESSIVE;
				GCC_WARN_UNUSED_FUNCTION = YES;
				GCC_WARN_UNUSED_VARIABLE = YES;
				IPHONEOS_DEPLOYMENT_TARGET = 8.3;
				MTL_ENABLE_DEBUG_INFO = YES;
				ONLY_ACTIVE_ARCH = YES;
				SDKROOT = iphoneos;
				SWIFT_OPTIMIZATION_LEVEL = "-Onone";
			};
			name = Debug;
		};
		52CA09C31B20D0ED00563057 /* Release */ = {
			isa = XCBuildConfiguration;
			buildSettings = {
				ALWAYS_SEARCH_USER_PATHS = NO;
				CLANG_CXX_LANGUAGE_STANDARD = "gnu++0x";
				CLANG_CXX_LIBRARY = "libc++";
				CLANG_ENABLE_MODULES = YES;
				CLANG_ENABLE_OBJC_ARC = YES;
				CLANG_WARN_BOOL_CONVERSION = YES;
				CLANG_WARN_CONSTANT_CONVERSION = YES;
				CLANG_WARN_DIRECT_OBJC_ISA_USAGE = YES_ERROR;
				CLANG_WARN_EMPTY_BODY = YES;
				CLANG_WARN_ENUM_CONVERSION = YES;
				CLANG_WARN_INT_CONVERSION = YES;
				CLANG_WARN_OBJC_ROOT_CLASS = YES_ERROR;
				CLANG_WARN_UNREACHABLE_CODE = YES;
				CLANG_WARN__DUPLICATE_METHOD_MATCH = YES;
				"CODE_SIGN_IDENTITY[sdk=iphoneos*]" = "iPhone Developer";
				COPY_PHASE_STRIP = NO;
				DEBUG_INFORMATION_FORMAT = "dwarf-with-dsym";
				ENABLE_NS_ASSERTIONS = NO;
				ENABLE_STRICT_OBJC_MSGSEND = YES;
				GCC_C_LANGUAGE_STANDARD = gnu99;
				GCC_NO_COMMON_BLOCKS = YES;
				GCC_WARN_64_TO_32_BIT_CONVERSION = YES;
				GCC_WARN_ABOUT_RETURN_TYPE = YES_ERROR;
				GCC_WARN_UNDECLARED_SELECTOR = YES;
				GCC_WARN_UNINITIALIZED_AUTOS = YES_AGGRESSIVE;
				GCC_WARN_UNUSED_FUNCTION = YES;
				GCC_WARN_UNUSED_VARIABLE = YES;
				IPHONEOS_DEPLOYMENT_TARGET = 8.3;
				MTL_ENABLE_DEBUG_INFO = NO;
				SDKROOT = iphoneos;
				VALIDATE_PRODUCT = YES;
			};
			name = Release;
		};
		52CA09C51B20D0ED00563057 /* Debug */ = {
			isa = XCBuildConfiguration;
			buildSettings = {
				ASSETCATALOG_COMPILER_APPICON_NAME = AppIcon;
				INFOPLIST_FILE = "Nabit 1.1/Info.plist";
				LD_RUNPATH_SEARCH_PATHS = "$(inherited) @executable_path/Frameworks";
				PRODUCT_NAME = "$(TARGET_NAME)";
			};
			name = Debug;
		};
		52CA09C61B20D0ED00563057 /* Release */ = {
			isa = XCBuildConfiguration;
			buildSettings = {
				ASSETCATALOG_COMPILER_APPICON_NAME = AppIcon;
				INFOPLIST_FILE = "Nabit 1.1/Info.plist";
				LD_RUNPATH_SEARCH_PATHS = "$(inherited) @executable_path/Frameworks";
				PRODUCT_NAME = "$(TARGET_NAME)";
			};
			name = Release;
		};
		52CA09C81B20D0ED00563057 /* Debug */ = {
			isa = XCBuildConfiguration;
			buildSettings = {
				BUNDLE_LOADER = "$(TEST_HOST)";
				FRAMEWORK_SEARCH_PATHS = (
					"$(SDKROOT)/Developer/Library/Frameworks",
					"$(inherited)",
				);
				GCC_PREPROCESSOR_DEFINITIONS = (
					"DEBUG=1",
					"$(inherited)",
				);
				INFOPLIST_FILE = "Nabit 1.1Tests/Info.plist";
				LD_RUNPATH_SEARCH_PATHS = "$(inherited) @executable_path/Frameworks @loader_path/Frameworks";
				PRODUCT_NAME = "$(TARGET_NAME)";
				TEST_HOST = "$(BUILT_PRODUCTS_DIR)/Nabit 1.1.app/Nabit 1.1";
			};
			name = Debug;
		};
		52CA09C91B20D0ED00563057 /* Release */ = {
			isa = XCBuildConfiguration;
			buildSettings = {
				BUNDLE_LOADER = "$(TEST_HOST)";
				FRAMEWORK_SEARCH_PATHS = (
					"$(SDKROOT)/Developer/Library/Frameworks",
					"$(inherited)",
				);
				INFOPLIST_FILE = "Nabit 1.1Tests/Info.plist";
				LD_RUNPATH_SEARCH_PATHS = "$(inherited) @executable_path/Frameworks @loader_path/Frameworks";
				PRODUCT_NAME = "$(TARGET_NAME)";
				TEST_HOST = "$(BUILT_PRODUCTS_DIR)/Nabit 1.1.app/Nabit 1.1";
			};
			name = Release;
		};
/* End XCBuildConfiguration section */

/* Begin XCConfigurationList section */
		52CA09A01B20D0ED00563057 /* Build configuration list for PBXProject "Nabit 1.1" */ = {
			isa = XCConfigurationList;
			buildConfigurations = (
				52CA09C21B20D0ED00563057 /* Debug */,
				52CA09C31B20D0ED00563057 /* Release */,
			);
			defaultConfigurationIsVisible = 0;
			defaultConfigurationName = Release;
		};
		52CA09C41B20D0ED00563057 /* Build configuration list for PBXNativeTarget "Nabit 1.1" */ = {
			isa = XCConfigurationList;
			buildConfigurations = (
				52CA09C51B20D0ED00563057 /* Debug */,
				52CA09C61B20D0ED00563057 /* Release */,
			);
			defaultConfigurationIsVisible = 0;
		};
		52CA09C71B20D0ED00563057 /* Build configuration list for PBXNativeTarget "Nabit 1.1Tests" */ = {
			isa = XCConfigurationList;
			buildConfigurations = (
				52CA09C81B20D0ED00563057 /* Debug */,
				52CA09C91B20D0ED00563057 /* Release */,
			);
			defaultConfigurationIsVisible = 0;
		};
/* End XCConfigurationList section */
	};
	rootObject = 52CA099D1B20D0ED00563057 /* Project object */;
}
